// !$*UTF8*$!
{
	archiveVersion = 1;
	classes = {
	};
	objectVersion = 55;
	objects = {

/* Begin PBXBuildFile section */
		834701DC292DF99000A4C188 /* Button.swift in Sources */ = {isa = PBXBuildFile; fileRef = 834701DB292DF99000A4C188 /* Button.swift */; };
		83F379C9292C9F28002CD22A /* AppDelegate.swift in Sources */ = {isa = PBXBuildFile; fileRef = 83F379C8292C9F28002CD22A /* AppDelegate.swift */; };
		83F379CB292C9F28002CD22A /* SceneDelegate.swift in Sources */ = {isa = PBXBuildFile; fileRef = 83F379CA292C9F28002CD22A /* SceneDelegate.swift */; };
		83F379CD292C9F28002CD22A /* ViewController.swift in Sources */ = {isa = PBXBuildFile; fileRef = 83F379CC292C9F28002CD22A /* ViewController.swift */; };
		83F379D0292C9F28002CD22A /* Main.storyboard in Resources */ = {isa = PBXBuildFile; fileRef = 83F379CE292C9F28002CD22A /* Main.storyboard */; };
		83F379D2292C9F29002CD22A /* Assets.xcassets in Resources */ = {isa = PBXBuildFile; fileRef = 83F379D1292C9F29002CD22A /* Assets.xcassets */; };
		83F379D5292C9F29002CD22A /* LaunchScreen.storyboard in Resources */ = {isa = PBXBuildFile; fileRef = 83F379D3292C9F29002CD22A /* LaunchScreen.storyboard */; };
		83F379DD292C9F37002CD22A /* Main.js in Resources */ = {isa = PBXBuildFile; fileRef = 83F379DC292C9F37002CD22A /* Main.js */; };
		83F379DF292C9F3D002CD22A /* JSRunner.swift in Sources */ = {isa = PBXBuildFile; fileRef = 83F379DE292C9F3D002CD22A /* JSRunner.swift */; };
/* End PBXBuildFile section */

/* Begin PBXFileReference section */
		834701DB292DF99000A4C188 /* Button.swift */ = {isa = PBXFileReference; lastKnownFileType = sourcecode.swift; path = Button.swift; sourceTree = "<group>"; };
		83F379C5292C9F28002CD22A /* JSPuppet.app */ = {isa = PBXFileReference; explicitFileType = wrapper.application; includeInIndex = 0; path = JSPuppet.app; sourceTree = BUILT_PRODUCTS_DIR; };
		83F379C8292C9F28002CD22A /* AppDelegate.swift */ = {isa = PBXFileReference; lastKnownFileType = sourcecode.swift; path = AppDelegate.swift; sourceTree = "<group>"; };
		83F379CA292C9F28002CD22A /* SceneDelegate.swift */ = {isa = PBXFileReference; lastKnownFileType = sourcecode.swift; path = SceneDelegate.swift; sourceTree = "<group>"; };
		83F379CC292C9F28002CD22A /* ViewController.swift */ = {isa = PBXFileReference; lastKnownFileType = sourcecode.swift; path = ViewController.swift; sourceTree = "<group>"; };
		83F379CF292C9F28002CD22A /* Base */ = {isa = PBXFileReference; lastKnownFileType = file.storyboard; name = Base; path = Base.lproj/Main.storyboard; sourceTree = "<group>"; };
		83F379D1292C9F29002CD22A /* Assets.xcassets */ = {isa = PBXFileReference; lastKnownFileType = folder.assetcatalog; path = Assets.xcassets; sourceTree = "<group>"; };
		83F379D4292C9F29002CD22A /* Base */ = {isa = PBXFileReference; lastKnownFileType = file.storyboard; name = Base; path = Base.lproj/LaunchScreen.storyboard; sourceTree = "<group>"; };
		83F379D6292C9F29002CD22A /* Info.plist */ = {isa = PBXFileReference; lastKnownFileType = text.plist.xml; path = Info.plist; sourceTree = "<group>"; };
		83F379DC292C9F37002CD22A /* Main.js */ = {isa = PBXFileReference; fileEncoding = 4; lastKnownFileType = sourcecode.javascript; path = Main.js; sourceTree = "<group>"; };
		83F379DE292C9F3D002CD22A /* JSRunner.swift */ = {isa = PBXFileReference; fileEncoding = 4; lastKnownFileType = sourcecode.swift; path = JSRunner.swift; sourceTree = "<group>"; };
/* End PBXFileReference section */

/* Begin PBXFrameworksBuildPhase section */
		83F379C2292C9F28002CD22A /* Frameworks */ = {
			isa = PBXFrameworksBuildPhase;
			buildActionMask = 2147483647;
			files = (
			);
			runOnlyForDeploymentPostprocessing = 0;
		};
/* End PBXFrameworksBuildPhase section */

/* Begin PBXGroup section */
		834701DA292DF97600A4C188 /* Views */ = {
			isa = PBXGroup;
			children = (
				834701DB292DF99000A4C188 /* Button.swift */,
			);
			path = Views;
			sourceTree = "<group>";
		};
		83F379BC292C9F28002CD22A = {
			isa = PBXGroup;
			children = (
				83F379C7292C9F28002CD22A /* JSPuppet */,
				83F379C6292C9F28002CD22A /* Products */,
			);
			sourceTree = "<group>";
		};
		83F379C6292C9F28002CD22A /* Products */ = {
			isa = PBXGroup;
			children = (
				83F379C5292C9F28002CD22A /* JSPuppet.app */,
			);
			name = Products;
			sourceTree = "<group>";
		};
		83F379C7292C9F28002CD22A /* JSPuppet */ = {
			isa = PBXGroup;
			children = (
				834701DA292DF97600A4C188 /* Views */,
				83F379C8292C9F28002CD22A /* AppDelegate.swift */,
				83F379CA292C9F28002CD22A /* SceneDelegate.swift */,
				83F379CC292C9F28002CD22A /* ViewController.swift */,
				83F379CE292C9F28002CD22A /* Main.storyboard */,
				83F379D1292C9F29002CD22A /* Assets.xcassets */,
				83F379D3292C9F29002CD22A /* LaunchScreen.storyboard */,
				83F379D6292C9F29002CD22A /* Info.plist */,
				83F379DE292C9F3D002CD22A /* JSRunner.swift */,
				83F379DC292C9F37002CD22A /* Main.js */,
			);
			path = JSPuppet;
			sourceTree = "<group>";
		};
/* End PBXGroup section */

/* Begin PBXNativeTarget section */
		83F379C4292C9F28002CD22A /* JSPuppet */ = {
			isa = PBXNativeTarget;
			buildConfigurationList = 83F379D9292C9F29002CD22A /* Build configuration list for PBXNativeTarget "JSPuppet" */;
			buildPhases = (
				83F379C1292C9F28002CD22A /* Sources */,
				83F379C2292C9F28002CD22A /* Frameworks */,
				83F379C3292C9F28002CD22A /* Resources */,
			);
			buildRules = (
			);
			dependencies = (
			);
			name = JSPuppet;
			productName = JSPuppet;
			productReference = 83F379C5292C9F28002CD22A /* JSPuppet.app */;
			productType = "com.apple.product-type.application";
		};
/* End PBXNativeTarget section */

/* Begin PBXProject section */
		83F379BD292C9F28002CD22A /* Project object */ = {
			isa = PBXProject;
			attributes = {
				BuildIndependentTargetsInParallel = 1;
				LastSwiftUpdateCheck = 1340;
				LastUpgradeCheck = 1340;
				TargetAttributes = {
					83F379C4292C9F28002CD22A = {
						CreatedOnToolsVersion = 13.4.1;
					};
				};
			};
			buildConfigurationList = 83F379C0292C9F28002CD22A /* Build configuration list for PBXProject "JSPuppet" */;
			compatibilityVersion = "Xcode 13.0";
			developmentRegion = en;
			hasScannedForEncodings = 0;
			knownRegions = (
				en,
				Base,
			);
			mainGroup = 83F379BC292C9F28002CD22A;
			productRefGroup = 83F379C6292C9F28002CD22A /* Products */;
			projectDirPath = "";
			projectRoot = "";
			targets = (
				83F379C4292C9F28002CD22A /* JSPuppet */,
			);
		};
/* End PBXProject section */

/* Begin PBXResourcesBuildPhase section */
		83F379C3292C9F28002CD22A /* Resources */ = {
			isa = PBXResourcesBuildPhase;
			buildActionMask = 2147483647;
			files = (
				83F379D5292C9F29002CD22A /* LaunchScreen.storyboard in Resources */,
				83F379D2292C9F29002CD22A /* Assets.xcassets in Resources */,
				83F379D0292C9F28002CD22A /* Main.storyboard in Resources */,
				83F379DD292C9F37002CD22A /* Main.js in Resources */,
			);
			runOnlyForDeploymentPostprocessing = 0;
		};
/* End PBXResourcesBuildPhase section */

/* Begin PBXSourcesBuildPhase section */
		83F379C1292C9F28002CD22A /* Sources */ = {
			isa = PBXSourcesBuildPhase;
			buildActionMask = 2147483647;
			files = (
				834701DC292DF99000A4C188 /* Button.swift in Sources */,
				83F379CD292C9F28002CD22A /* ViewController.swift in Sources */,
				83F379C9292C9F28002CD22A /* AppDelegate.swift in Sources */,
				83F379DF292C9F3D002CD22A /* JSRunner.swift in Sources */,
				83F379CB292C9F28002CD22A /* SceneDelegate.swift in Sources */,
			);
			runOnlyForDeploymentPostprocessing = 0;
		};
/* End PBXSourcesBuildPhase section */

/* Begin PBXVariantGroup section */
		83F379CE292C9F28002CD22A /* Main.storyboard */ = {
			isa = PBXVariantGroup;
			children = (
				83F379CF292C9F28002CD22A /* Base */,
			);
			name = Main.storyboard;
			sourceTree = "<group>";
		};
		83F379D3292C9F29002CD22A /* LaunchScreen.storyboard */ = {
			isa = PBXVariantGroup;
			children = (
				83F379D4292C9F29002CD22A /* Base */,
			);
			name = LaunchScreen.storyboard;
			sourceTree = "<group>";
		};
/* End PBXVariantGroup section */

/* Begin XCBuildConfiguration section */
		83F379D7292C9F29002CD22A /* Debug */ = {
			isa = XCBuildConfiguration;
			buildSettings = {
				ALWAYS_SEARCH_USER_PATHS = NO;
				CLANG_ANALYZER_NONNULL = YES;
				CLANG_ANALYZER_NUMBER_OBJECT_CONVERSION = YES_AGGRESSIVE;
				CLANG_CXX_LANGUAGE_STANDARD = "gnu++17";
				CLANG_ENABLE_MODULES = YES;
				CLANG_ENABLE_OBJC_ARC = YES;
				CLANG_ENABLE_OBJC_WEAK = YES;
				CLANG_WARN_BLOCK_CAPTURE_AUTORELEASING = YES;
				CLANG_WARN_BOOL_CONVERSION = YES;
				CLANG_WARN_COMMA = YES;
				CLANG_WARN_CONSTANT_CONVERSION = YES;
				CLANG_WARN_DEPRECATED_OBJC_IMPLEMENTATIONS = YES;
				CLANG_WARN_DIRECT_OBJC_ISA_USAGE = YES_ERROR;
				CLANG_WARN_DOCUMENTATION_COMMENTS = YES;
				CLANG_WARN_EMPTY_BODY = YES;
				CLANG_WARN_ENUM_CONVERSION = YES;
				CLANG_WARN_INFINITE_RECURSION = YES;
				CLANG_WARN_INT_CONVERSION = YES;
				CLANG_WARN_NON_LITERAL_NULL_CONVERSION = YES;
				CLANG_WARN_OBJC_IMPLICIT_RETAIN_SELF = YES;
				CLANG_WARN_OBJC_LITERAL_CONVERSION = YES;
				CLANG_WARN_OBJC_ROOT_CLASS = YES_ERROR;
				CLANG_WARN_QUOTED_INCLUDE_IN_FRAMEWORK_HEADER = YES;
				CLANG_WARN_RANGE_LOOP_ANALYSIS = YES;
				CLANG_WARN_STRICT_PROTOTYPES = YES;
				CLANG_WARN_SUSPICIOUS_MOVE = YES;
				CLANG_WARN_UNGUARDED_AVAILABILITY = YES_AGGRESSIVE;
				CLANG_WARN_UNREACHABLE_CODE = YES;
				CLANG_WARN__DUPLICATE_METHOD_MATCH = YES;
				COPY_PHASE_STRIP = NO;
				DEBUG_INFORMATION_FORMAT = dwarf;
				ENABLE_STRICT_OBJC_MSGSEND = YES;
				ENABLE_TESTABILITY = YES;
				GCC_C_LANGUAGE_STANDARD = gnu11;
				GCC_DYNAMIC_NO_PIC = NO;
				GCC_NO_COMMON_BLOCKS = YES;
				GCC_OPTIMIZATION_LEVEL = 0;
				GCC_PREPROCESSOR_DEFINITIONS = (
					"DEBUG=1",
					"$(inherited)",
				);
				GCC_WARN_64_TO_32_BIT_CONVERSION = YES;
				GCC_WARN_ABOUT_RETURN_TYPE = YES_ERROR;
				GCC_WARN_UNDECLARED_SELECTOR = YES;
				GCC_WARN_UNINITIALIZED_AUTOS = YES_AGGRESSIVE;
				GCC_WARN_UNUSED_FUNCTION = YES;
				GCC_WARN_UNUSED_VARIABLE = YES;
				IPHONEOS_DEPLOYMENT_TARGET = 15.5;
				MTL_ENABLE_DEBUG_INFO = INCLUDE_SOURCE;
				MTL_FAST_MATH = YES;
				ONLY_ACTIVE_ARCH = YES;
				SDKROOT = iphoneos;
				SWIFT_ACTIVE_COMPILATION_CONDITIONS = DEBUG;
				SWIFT_OPTIMIZATION_LEVEL = "-Onone";
			};
			name = Debug;
		};
		83F379D8292C9F29002CD22A /* Release */ = {
			isa = XCBuildConfiguration;
			buildSettings = {
				ALWAYS_SEARCH_USER_PATHS = NO;
				CLANG_ANALYZER_NONNULL = YES;
				CLANG_ANALYZER_NUMBER_OBJECT_CONVERSION = YES_AGGRESSIVE;
				CLANG_CXX_LANGUAGE_STANDARD = "gnu++17";
				CLANG_ENABLE_MODULES = YES;
				CLANG_ENABLE_OBJC_ARC = YES;
				CLANG_ENABLE_OBJC_WEAK = YES;
				CLANG_WARN_BLOCK_CAPTURE_AUTORELEASING = YES;
				CLANG_WARN_BOOL_CONVERSION = YES;
				CLANG_WARN_COMMA = YES;
				CLANG_WARN_CONSTANT_CONVERSION = YES;
				CLANG_WARN_DEPRECATED_OBJC_IMPLEMENTATIONS = YES;
				CLANG_WARN_DIRECT_OBJC_ISA_USAGE = YES_ERROR;
				CLANG_WARN_DOCUMENTATION_COMMENTS = YES;
				CLANG_WARN_EMPTY_BODY = YES;
				CLANG_WARN_ENUM_CONVERSION = YES;
				CLANG_WARN_INFINITE_RECURSION = YES;
				CLANG_WARN_INT_CONVERSION = YES;
				CLANG_WARN_NON_LITERAL_NULL_CONVERSION = YES;
				CLANG_WARN_OBJC_IMPLICIT_RETAIN_SELF = YES;
				CLANG_WARN_OBJC_LITERAL_CONVERSION = YES;
				CLANG_WARN_OBJC_ROOT_CLASS = YES_ERROR;
				CLANG_WARN_QUOTED_INCLUDE_IN_FRAMEWORK_HEADER = YES;
				CLANG_WARN_RANGE_LOOP_ANALYSIS = YES;
				CLANG_WARN_STRICT_PROTOTYPES = YES;
				CLANG_WARN_SUSPICIOUS_MOVE = YES;
				CLANG_WARN_UNGUARDED_AVAILABILITY = YES_AGGRESSIVE;
				CLANG_WARN_UNREACHABLE_CODE = YES;
				CLANG_WARN__DUPLICATE_METHOD_MATCH = YES;
				COPY_PHASE_STRIP = NO;
				DEBUG_INFORMATION_FORMAT = "dwarf-with-dsym";
				ENABLE_NS_ASSERTIONS = NO;
				ENABLE_STRICT_OBJC_MSGSEND = YES;
				GCC_C_LANGUAGE_STANDARD = gnu11;
				GCC_NO_COMMON_BLOCKS = YES;
				GCC_WARN_64_TO_32_BIT_CONVERSION = YES;
				GCC_WARN_ABOUT_RETURN_TYPE = YES_ERROR;
				GCC_WARN_UNDECLARED_SELECTOR = YES;
				GCC_WARN_UNINITIALIZED_AUTOS = YES_AGGRESSIVE;
				GCC_WARN_UNUSED_FUNCTION = YES;
				GCC_WARN_UNUSED_VARIABLE = YES;
				IPHONEOS_DEPLOYMENT_TARGET = 15.5;
				MTL_ENABLE_DEBUG_INFO = NO;
				MTL_FAST_MATH = YES;
				SDKROOT = iphoneos;
				SWIFT_COMPILATION_MODE = wholemodule;
				SWIFT_OPTIMIZATION_LEVEL = "-O";
				VALIDATE_PRODUCT = YES;
			};
			name = Release;
		};
		83F379DA292C9F29002CD22A /* Debug */ = {
			isa = XCBuildConfiguration;
			buildSettings = {
				ASSETCATALOG_COMPILER_APPICON_NAME = AppIcon;
				ASSETCATALOG_COMPILER_GLOBAL_ACCENT_COLOR_NAME = AccentColor;
				CODE_SIGN_STYLE = Automatic;
				CURRENT_PROJECT_VERSION = 1;
				GENERATE_INFOPLIST_FILE = YES;
				INFOPLIST_FILE = JSPuppet/Info.plist;
				INFOPLIST_KEY_UIApplicationSupportsIndirectInputEvents = YES;
				INFOPLIST_KEY_UILaunchStoryboardName = LaunchScreen;
				INFOPLIST_KEY_UIMainStoryboardFile = Main;
				INFOPLIST_KEY_UISupportedInterfaceOrientations_iPad = "UIInterfaceOrientationPortrait UIInterfaceOrientationPortraitUpsideDown UIInterfaceOrientationLandscapeLeft UIInterfaceOrientationLandscapeRight";
				INFOPLIST_KEY_UISupportedInterfaceOrientations_iPhone = "UIInterfaceOrientationPortrait UIInterfaceOrientationLandscapeLeft UIInterfaceOrientationLandscapeRight";
				LD_RUNPATH_SEARCH_PATHS = (
					"$(inherited)",
					"@executable_path/Frameworks",
				);
				MARKETING_VERSION = 1.0;
				PRODUCT_BUNDLE_IDENTIFIER = com.example.JSPuppet;
				PRODUCT_NAME = "$(TARGET_NAME)";
				SWIFT_EMIT_LOC_STRINGS = YES;
				SWIFT_VERSION = 5.0;
				TARGETED_DEVICE_FAMILY = "1,2";
			};
			name = Debug;
		};
		83F379DB292C9F29002CD22A /* Release */ = {
			isa = XCBuildConfiguration;
			buildSettings = {
				ASSETCATALOG_COMPILER_APPICON_NAME = AppIcon;
				ASSETCATALOG_COMPILER_GLOBAL_ACCENT_COLOR_NAME = AccentColor;
				CODE_SIGN_STYLE = Automatic;
				CURRENT_PROJECT_VERSION = 1;
				GENERATE_INFOPLIST_FILE = YES;
				INFOPLIST_FILE = JSPuppet/Info.plist;
				INFOPLIST_KEY_UIApplicationSupportsIndirectInputEvents = YES;
				INFOPLIST_KEY_UILaunchStoryboardName = LaunchScreen;
				INFOPLIST_KEY_UIMainStoryboardFile = Main;
				INFOPLIST_KEY_UISupportedInterfaceOrientations_iPad = "UIInterfaceOrientationPortrait UIInterfaceOrientationPortraitUpsideDown UIInterfaceOrientationLandscapeLeft UIInterfaceOrientationLandscapeRight";
				INFOPLIST_KEY_UISupportedInterfaceOrientations_iPhone = "UIInterfaceOrientationPortrait UIInterfaceOrientationLandscapeLeft UIInterfaceOrientationLandscapeRight";
				LD_RUNPATH_SEARCH_PATHS = (
					"$(inherited)",
					"@executable_path/Frameworks",
				);
				MARKETING_VERSION = 1.0;
				PRODUCT_BUNDLE_IDENTIFIER = com.example.JSPuppet;
				PRODUCT_NAME = "$(TARGET_NAME)";
				SWIFT_EMIT_LOC_STRINGS = YES;
				SWIFT_VERSION = 5.0;
				TARGETED_DEVICE_FAMILY = "1,2";
			};
			name = Release;
		};
/* End XCBuildConfiguration section */

/* Begin XCConfigurationList section */
		83F379C0292C9F28002CD22A /* Build configuration list for PBXProject "JSPuppet" */ = {
			isa = XCConfigurationList;
			buildConfigurations = (
				83F379D7292C9F29002CD22A /* Debug */,
				83F379D8292C9F29002CD22A /* Release */,
			);
			defaultConfigurationIsVisible = 0;
			defaultConfigurationName = Release;
		};
		83F379D9292C9F29002CD22A /* Build configuration list for PBXNativeTarget "JSPuppet" */ = {
			isa = XCConfigurationList;
			buildConfigurations = (
				83F379DA292C9F29002CD22A /* Debug */,
				83F379DB292C9F29002CD22A /* Release */,
			);
			defaultConfigurationIsVisible = 0;
			defaultConfigurationName = Release;
		};
/* End XCConfigurationList section */
	};
	rootObject = 83F379BD292C9F28002CD22A /* Project object */;
}
